
Microsoft Visual Studio Solution File, Format Version 12.00
# Visual Studio 15
VisualStudioVersion = 15.0.28307.1062
MinimumVisualStudioVersion = 10.0.40219.1
Project("{FAE04EC0-301F-11D3-BF4B-00C04F79EFBC}") = "Finance", "Finance\Finance.csproj", "{BC919133-A0F8-4482-9A58-F2F11366693B}"
EndProject
Project("{FAE04EC0-301F-11D3-BF4B-00C04F79EFBC}") = "Finance.Commom", "Finance.Commom\Finance.Commom.csproj", "{5C524084-16AA-4A9A-8318-00D68488FAFA}"
EndProject
Project("{FAE04EC0-301F-11D3-BF4B-00C04F79EFBC}") = "Finance.Domain", "Finance.Domain\Finance.Domain.csproj", "{14DCA541-9B38-474D-B585-8DF4F4249212}"
EndProject
Project("{FAE04EC0-301F-11D3-BF4B-00C04F79EFBC}") = "Finance.Api", "Finance.Api\Finance.Api.csproj", "{4E0BC74C-8940-453C-B02D-330DCC932CC2}"
EndProject
Project("{FAE04EC0-301F-11D3-BF4B-00C04F79EFBC}") = "Finance2", "Finance2\Finance2.csproj", "{89929777-C25C-4045-86E5-35B366F181FC}"
EndProject
Global
	GlobalSection(SolutionConfigurationPlatforms) = preSolution
		Debug|Any CPU = Debug|Any CPU
		Debug|x64 = Debug|x64
		Debug|x86 = Debug|x86
		Release|Any CPU = Release|Any CPU
		Release|x64 = Release|x64
		Release|x86 = Release|x86
	EndGlobalSection
	GlobalSection(ProjectConfigurationPlatforms) = postSolution
		{BC919133-A0F8-4482-9A58-F2F11366693B}.Debug|Any CPU.ActiveCfg = Debug|Any CPU
		{BC919133-A0F8-4482-9A58-F2F11366693B}.Debug|Any CPU.Build.0 = Debug|Any CPU
		{BC919133-A0F8-4482-9A58-F2F11366693B}.Debug|x64.ActiveCfg = Debug|x64
		{BC919133-A0F8-4482-9A58-F2F11366693B}.Debug|x64.Build.0 = Debug|x64
		{BC919133-A0F8-4482-9A58-F2F11366693B}.Debug|x86.ActiveCfg = Debug|x86
		{BC919133-A0F8-4482-9A58-F2F11366693B}.Debug|x86.Build.0 = Debug|x86
		{BC919133-A0F8-4482-9A58-F2F11366693B}.Release|Any CPU.ActiveCfg = Release|Any CPU
		{BC919133-A0F8-4482-9A58-F2F11366693B}.Release|Any CPU.Build.0 = Release|Any CPU
		{BC919133-A0F8-4482-9A58-F2F11366693B}.Release|x64.ActiveCfg = Release|x64
		{BC919133-A0F8-4482-9A58-F2F11366693B}.Release|x64.Build.0 = Release|x64
		{BC919133-A0F8-4482-9A58-F2F11366693B}.Release|x86.ActiveCfg = Release|x86
		{BC919133-A0F8-4482-9A58-F2F11366693B}.Release|x86.Build.0 = Release|x86
		{5C524084-16AA-4A9A-8318-00D68488FAFA}.Debug|Any CPU.ActiveCfg = Debug|Any CPU
		{5C524084-16AA-4A9A-8318-00D68488FAFA}.Debug|Any CPU.Build.0 = Debug|Any CPU
		{5C524084-16AA-4A9A-8318-00D68488FAFA}.Debug|x64.ActiveCfg = Debug|Any CPU
		{5C524084-16AA-4A9A-8318-00D68488FAFA}.Debug|x64.Build.0 = Debug|Any CPU
		{5C524084-16AA-4A9A-8318-00D68488FAFA}.Debug|x86.ActiveCfg = Debug|Any CPU
		{5C524084-16AA-4A9A-8318-00D68488FAFA}.Debug|x86.Build.0 = Debug|Any CPU
		{5C524084-16AA-4A9A-8318-00D68488FAFA}.Release|Any CPU.ActiveCfg = Release|Any CPU
		{5C524084-16AA-4A9A-8318-00D68488FAFA}.Release|Any CPU.Build.0 = Release|Any CPU
		{5C524084-16AA-4A9A-8318-00D68488FAFA}.Release|x64.ActiveCfg = Release|Any CPU
		{5C524084-16AA-4A9A-8318-00D68488FAFA}.Release|x64.Build.0 = Release|Any CPU
		{5C524084-16AA-4A9A-8318-00D68488FAFA}.Release|x86.ActiveCfg = Release|Any CPU
		{5C524084-16AA-4A9A-8318-00D68488FAFA}.Release|x86.Build.0 = Release|Any CPU
		{14DCA541-9B38-474D-B585-8DF4F4249212}.Debug|Any CPU.ActiveCfg = Debug|Any CPU
		{14DCA541-9B38-474D-B585-8DF4F4249212}.Debug|Any CPU.Build.0 = Debug|Any CPU
		{14DCA541-9B38-474D-B585-8DF4F4249212}.Debug|x64.ActiveCfg = Debug|Any CPU
		{14DCA541-9B38-474D-B585-8DF4F4249212}.Debug|x64.Build.0 = Debug|Any CPU
		{14DCA541-9B38-474D-B585-8DF4F4249212}.Debug|x86.ActiveCfg = Debug|Any CPU
		{14DCA541-9B38-474D-B585-8DF4F4249212}.Debug|x86.Build.0 = Debug|Any CPU
		{14DCA541-9B38-474D-B585-8DF4F4249212}.Release|Any CPU.ActiveCfg = Release|Any CPU
		{14DCA541-9B38-474D-B585-8DF4F4249212}.Release|Any CPU.Build.0 = Release|Any CPU
		{14DCA541-9B38-474D-B585-8DF4F4249212}.Release|x64.ActiveCfg = Release|Any CPU
		{14DCA541-9B38-474D-B585-8DF4F4249212}.Release|x64.Build.0 = Release|Any CPU
		{14DCA541-9B38-474D-B585-8DF4F4249212}.Release|x86.ActiveCfg = Release|Any CPU
		{14DCA541-9B38-474D-B585-8DF4F4249212}.Release|x86.Build.0 = Release|Any CPU
		{4E0BC74C-8940-453C-B02D-330DCC932CC2}.Debug|Any CPU.ActiveCfg = Debug|Any CPU
		{4E0BC74C-8940-453C-B02D-330DCC932CC2}.Debug|Any CPU.Build.0 = Debug|Any CPU
		{4E0BC74C-8940-453C-B02D-330DCC932CC2}.Debug|x64.ActiveCfg = Debug|Any CPU
		{4E0BC74C-8940-453C-B02D-330DCC932CC2}.Debug|x64.Build.0 = Debug|Any CPU
		{4E0BC74C-8940-453C-B02D-330DCC932CC2}.Debug|x86.ActiveCfg = Debug|Any CPU
		{4E0BC74C-8940-453C-B02D-330DCC932CC2}.Debug|x86.Build.0 = Debug|Any CPU
		{4E0BC74C-8940-453C-B02D-330DCC932CC2}.Release|Any CPU.ActiveCfg = Release|Any CPU
		{4E0BC74C-8940-453C-B02D-330DCC932CC2}.Release|Any CPU.Build.0 = Release|Any CPU
		{4E0BC74C-8940-453C-B02D-330DCC932CC2}.Release|x64.ActiveCfg = Release|Any CPU
		{4E0BC74C-8940-453C-B02D-330DCC932CC2}.Release|x64.Build.0 = Release|Any CPU
		{4E0BC74C-8940-453C-B02D-330DCC932CC2}.Release|x86.ActiveCfg = Release|Any CPU
		{4E0BC74C-8940-453C-B02D-330DCC932CC2}.Release|x86.Build.0 = Release|Any CPU
		{89929777-C25C-4045-86E5-35B366F181FC}.Debug|Any CPU.ActiveCfg = Debug|Any CPU
		{89929777-C25C-4045-86E5-35B366F181FC}.Debug|Any CPU.Build.0 = Debug|Any CPU
		{89929777-C25C-4045-86E5-35B366F181FC}.Debug|x64.ActiveCfg = Debug|Any CPU
		{89929777-C25C-4045-86E5-35B366F181FC}.Debug|x64.Build.0 = Debug|Any CPU
		{89929777-C25C-4045-86E5-35B366F181FC}.Debug|x86.ActiveCfg = Debug|Any CPU
		{89929777-C25C-4045-86E5-35B366F181FC}.Debug|x86.Build.0 = Debug|Any CPU
		{89929777-C25C-4045-86E5-35B366F181FC}.Release|Any CPU.ActiveCfg = Release|Any CPU
		{89929777-C25C-4045-86E5-35B366F181FC}.Release|Any CPU.Build.0 = Release|Any CPU
		{89929777-C25C-4045-86E5-35B366F181FC}.Release|x64.ActiveCfg = Release|Any CPU
		{89929777-C25C-4045-86E5-35B366F181FC}.Release|x64.Build.0 = Release|Any CPU
		{89929777-C25C-4045-86E5-35B366F181FC}.Release|x86.ActiveCfg = Release|Any CPU
		{89929777-C25C-4045-86E5-35B366F181FC}.Release|x86.Build.0 = Release|Any CPU
	EndGlobalSection
	GlobalSection(SolutionProperties) = preSolution
		HideSolutionNode = FALSE
	EndGlobalSection
	GlobalSection(ExtensibilityGlobals) = postSolution
		SolutionGuid = {F2469044-DE2D-4F88-BE4D-7D42E3555A75}
	EndGlobalSection
EndGlobal
